
Microsoft Visual Studio Solution File, Format Version 12.00
# Visual Studio Version 16
VisualStudioVersion = 16.0.32413.511
MinimumVisualStudioVersion = 10.0.40219.1
Project("{FAE04EC0-301F-11D3-BF4B-00C04F79EFBC}") = "PraticeDB", "PraticeDB.csproj", "{5A0BB269-78B7-49F3-A031-D547DB82BE6C}"
EndProject
Global
	GlobalSection(SolutionConfigurationPlatforms) = preSolution
		Debug|Any CPU = Debug|Any CPU
		Release|Any CPU = Release|Any CPU
	EndGlobalSection
	GlobalSection(ProjectConfigurationPlatforms) = postSolution
		{5A0BB269-78B7-49F3-A031-D547DB82BE6C}.Debug|Any CPU.ActiveCfg = Debug|Any CPU
		{5A0BB269-78B7-49F3-A031-D547DB82BE6C}.Debug|Any CPU.Build.0 = Debug|Any CPU
		{5A0BB269-78B7-49F3-A031-D547DB82BE6C}.Release|Any CPU.ActiveCfg = Release|Any CPU
		{5A0BB269-78B7-49F3-A031-D547DB82BE6C}.Release|Any CPU.Build.0 = Release|Any CPU
	EndGlobalSection
	GlobalSection(SolutionProperties) = preSolution
		HideSolutionNode = FALSE
	EndGlobalSection
	GlobalSection(ExtensibilityGlobals) = postSolution
		SolutionGuid = {1BA6075B-3D1B-4E24-9715-D83CFED0E29F}
	EndGlobalSection
EndGlobal
